
Microsoft Visual Studio Solution File, Format Version 12.00
# Visual Studio 14
VisualStudioVersion = 14.0.25420.1
MinimumVisualStudioVersion = 10.0.40219.1
Project("{FAE04EC0-301F-11D3-BF4B-00C04F79EFBC}") = "HelloEntityFramework", "HelloEntityFramework.csproj", "{66609445-E9F5-4B34-81DB-2E1A7741011F}"
EndProject
Global
	GlobalSection(SolutionConfigurationPlatforms) = preSolution
		Debug|Any CPU = Debug|Any CPU
		Release|Any CPU = Release|Any CPU
	EndGlobalSection
	GlobalSection(ProjectConfigurationPlatforms) = postSolution
		{66609445-E9F5-4B34-81DB-2E1A7741011F}.Debug|Any CPU.ActiveCfg = Debug|Any CPU
		{66609445-E9F5-4B34-81DB-2E1A7741011F}.Debug|Any CPU.Build.0 = Debug|Any CPU
		{66609445-E9F5-4B34-81DB-2E1A7741011F}.Release|Any CPU.ActiveCfg = Release|Any CPU
		{66609445-E9F5-4B34-81DB-2E1A7741011F}.Release|Any CPU.Build.0 = Release|Any CPU
	EndGlobalSection
	GlobalSection(SolutionProperties) = preSolution
		HideSolutionNode = FALSE
	EndGlobalSection
EndGlobal
